
Microsoft Visual Studio Solution File, Format Version 12.00
# Visual Studio Version 17
VisualStudioVersion = 17.0.31903.59
MinimumVisualStudioVersion = 10.0.40219.1
Project("{FAE04EC0-301F-11D3-BF4B-00C04F79EFBC}") = "LTDT_1.0", "LTDT_1.0\LTDT_1.0.csproj", "{CCD3A50B-83AD-4B16-8EAB-38928C1805BB}"
EndProject
Global
	GlobalSection(SolutionConfigurationPlatforms) = preSolution
		Debug|Any CPU = Debug|Any CPU
		Release|Any CPU = Release|Any CPU
	EndGlobalSection
	GlobalSection(ProjectConfigurationPlatforms) = postSolution
		{CCD3A50B-83AD-4B16-8EAB-38928C1805BB}.Debug|Any CPU.ActiveCfg = Debug|Any CPU
		{CCD3A50B-83AD-4B16-8EAB-38928C1805BB}.Debug|Any CPU.Build.0 = Debug|Any CPU
		{CCD3A50B-83AD-4B16-8EAB-38928C1805BB}.Release|Any CPU.ActiveCfg = Release|Any CPU
		{CCD3A50B-83AD-4B16-8EAB-38928C1805BB}.Release|Any CPU.Build.0 = Release|Any CPU
	EndGlobalSection
	GlobalSection(SolutionProperties) = preSolution
		HideSolutionNode = FALSE
	EndGlobalSection
	GlobalSection(ExtensibilityGlobals) = postSolution
		SolutionGuid = {E4C9DEC2-A468-4867-B152-BC279B3915E4}
	EndGlobalSection
EndGlobal
